# This file is automatically @generated by Cargo.
# It is not intended for manual editing.
version = 4

[[package]]
name = "hibana"
version = "0.9.6"
source = "git+https://github.com/hibanaworks/hibana?rev=6ed1923c9447e48cfd3e4bb0f2d6f12126e2b452#6ed1923c9447e48cfd3e4bb0f2d6f12126e2b452"

[[package]]
name = "hibana-quic"
version = "0.1.0"
dependencies = [
 "hibana",
 "hibana-tls",
]

[[package]]
name = "hibana-quic-pico-example"
version = "0.1.0"
dependencies = [
 "hibana",
 "hibana-quic",
]

[[package]]
name = "hibana-tls"
version = "0.1.0"
source = "git+https://github.com/hibanaworks/hibana-tls?rev=573d9053dca1d9a73e803ad2569f224420b69c3f#573d9053dca1d9a73e803ad2569f224420b69c3f"
dependencies = [
 "hibana",
]
